
Microsoft Visual Studio Solution File, Format Version 12.00
# Visual Studio Version 17
VisualStudioVersion = 17.4.33213.308
MinimumVisualStudioVersion = 10.0.40219.1
Project("{FAE04EC0-301F-11D3-BF4B-00C04F79EFBC}") = "nedvig", "nedvig\nedvig.csproj", "{D15DE448-03EF-436B-8D17-B4167401D109}"
EndProject
Global
	GlobalSection(SolutionConfigurationPlatforms) = preSolution
		Debug|Any CPU = Debug|Any CPU
		Release|Any CPU = Release|Any CPU
	EndGlobalSection
	GlobalSection(ProjectConfigurationPlatforms) = postSolution
		{D15DE448-03EF-436B-8D17-B4167401D109}.Debug|Any CPU.ActiveCfg = Debug|Any CPU
		{D15DE448-03EF-436B-8D17-B4167401D109}.Debug|Any CPU.Build.0 = Debug|Any CPU
		{D15DE448-03EF-436B-8D17-B4167401D109}.Release|Any CPU.ActiveCfg = Release|Any CPU
		{D15DE448-03EF-436B-8D17-B4167401D109}.Release|Any CPU.Build.0 = Release|Any CPU
	EndGlobalSection
	GlobalSection(SolutionProperties) = preSolution
		HideSolutionNode = FALSE
	EndGlobalSection
	GlobalSection(ExtensibilityGlobals) = postSolution
		SolutionGuid = {FBAB901F-0E74-4414-9F74-02DEEDC2D02A}
	EndGlobalSection
EndGlobal
